
Microsoft Visual Studio Solution File, Format Version 12.00
# Visual Studio 14
VisualStudioVersion = 14.0.25420.1
MinimumVisualStudioVersion = 10.0.40219.1
Project("{2150E333-8FDC-42A3-9474-1A3956D46DE8}") = "src", "src", "{6DDF289F-1227-4442-92F8-D09075EE04AF}"
EndProject
Project("{2150E333-8FDC-42A3-9474-1A3956D46DE8}") = "Solution Items", "Solution Items", "{EE89E3AD-D8F6-4AA4-988C-F7AFD2EFEB7A}"
	ProjectSection(SolutionItems) = preProject
		global.json = global.json
	EndProjectSection
EndProject
Project("{8BB2217D-0F2D-49D1-97BC-3654ED321F3B}") = "TheVariations", "src\TheVariations.xproj", "{1073ACEE-60D5-494F-B3F8-E13106EE0D9D}"
EndProject
Global
	GlobalSection(SolutionConfigurationPlatforms) = preSolution
		Debug|Any CPU = Debug|Any CPU
		Release|Any CPU = Release|Any CPU
	EndGlobalSection
	GlobalSection(ProjectConfigurationPlatforms) = postSolution
		{1073ACEE-60D5-494F-B3F8-E13106EE0D9D}.Debug|Any CPU.ActiveCfg = Debug|Any CPU
		{1073ACEE-60D5-494F-B3F8-E13106EE0D9D}.Debug|Any CPU.Build.0 = Debug|Any CPU
		{1073ACEE-60D5-494F-B3F8-E13106EE0D9D}.Release|Any CPU.ActiveCfg = Release|Any CPU
		{1073ACEE-60D5-494F-B3F8-E13106EE0D9D}.Release|Any CPU.Build.0 = Release|Any CPU
	EndGlobalSection
	GlobalSection(SolutionProperties) = preSolution
		HideSolutionNode = FALSE
	EndGlobalSection
	GlobalSection(NestedProjects) = preSolution
		{1073ACEE-60D5-494F-B3F8-E13106EE0D9D} = {6DDF289F-1227-4442-92F8-D09075EE04AF}
	EndGlobalSection
EndGlobal
